
Microsoft Visual Studio Solution File, Format Version 12.00
Project("{FAE04EC0-301F-11D3-BF4B-00C04F79EFBC}") = "StarTrekWeatherAPI", "StarTrekWeatherAPI\StarTrekWeatherAPI.csproj", "{EBDF84CE-AC3C-4B9A-9254-9C10B401774D}"
EndProject
Global
	GlobalSection(SolutionConfigurationPlatforms) = preSolution
		Debug|Any CPU = Debug|Any CPU
		Release|Any CPU = Release|Any CPU
	EndGlobalSection
	GlobalSection(ProjectConfigurationPlatforms) = postSolution
		{EBDF84CE-AC3C-4B9A-9254-9C10B401774D}.Debug|Any CPU.ActiveCfg = Debug|Any CPU
		{EBDF84CE-AC3C-4B9A-9254-9C10B401774D}.Debug|Any CPU.Build.0 = Debug|Any CPU
		{EBDF84CE-AC3C-4B9A-9254-9C10B401774D}.Release|Any CPU.ActiveCfg = Release|Any CPU
		{EBDF84CE-AC3C-4B9A-9254-9C10B401774D}.Release|Any CPU.Build.0 = Release|Any CPU
	EndGlobalSection
EndGlobal
